
Microsoft Visual Studio Solution File, Format Version 12.00
# Visual Studio 15
VisualStudioVersion = 15.0.27703.2035
MinimumVisualStudioVersion = 10.0.40219.1
Project("{9A19103F-16F7-4668-BE54-9A1E7A4F7556}") = "CreateClass", "ConsoleApp1\CreateClass.csproj", "{DABBD46C-B62B-4C42-B924-9029796E14EC}"
EndProject
Project("{FAE04EC0-301F-11D3-BF4B-00C04F79EFBC}") = "TimerEvent", "TimerEvent\TimerEvent.csproj", "{51BAFD9B-0B05-422F-AA97-00782FAC901E}"
EndProject
Global
	GlobalSection(SolutionConfigurationPlatforms) = preSolution
		Debug|Any CPU = Debug|Any CPU
		Release|Any CPU = Release|Any CPU
	EndGlobalSection
	GlobalSection(ProjectConfigurationPlatforms) = postSolution
		{DABBD46C-B62B-4C42-B924-9029796E14EC}.Debug|Any CPU.ActiveCfg = Debug|Any CPU
		{DABBD46C-B62B-4C42-B924-9029796E14EC}.Debug|Any CPU.Build.0 = Debug|Any CPU
		{DABBD46C-B62B-4C42-B924-9029796E14EC}.Release|Any CPU.ActiveCfg = Release|Any CPU
		{DABBD46C-B62B-4C42-B924-9029796E14EC}.Release|Any CPU.Build.0 = Release|Any CPU
		{51BAFD9B-0B05-422F-AA97-00782FAC901E}.Debug|Any CPU.ActiveCfg = Debug|Any CPU
		{51BAFD9B-0B05-422F-AA97-00782FAC901E}.Debug|Any CPU.Build.0 = Debug|Any CPU
		{51BAFD9B-0B05-422F-AA97-00782FAC901E}.Release|Any CPU.ActiveCfg = Release|Any CPU
		{51BAFD9B-0B05-422F-AA97-00782FAC901E}.Release|Any CPU.Build.0 = Release|Any CPU
	EndGlobalSection
	GlobalSection(SolutionProperties) = preSolution
		HideSolutionNode = FALSE
	EndGlobalSection
	GlobalSection(ExtensibilityGlobals) = postSolution
		SolutionGuid = {6D474C6D-ED9F-4D34-B864-2AB3F1FE4680}
	EndGlobalSection
EndGlobal
